
Microsoft Visual Studio Solution File, Format Version 12.00
# Visual Studio 15
VisualStudioVersion = 15.0.28307.136
MinimumVisualStudioVersion = 10.0.40219.1
Project("{FAE04EC0-301F-11D3-BF4B-00C04F79EFBC}") = "HomeControl", "HomeControl\HomeControl.csproj", "{B9301C62-96B5-4F0C-8178-B0ABE8CE4BB0}"
EndProject
Global
	GlobalSection(SolutionConfigurationPlatforms) = preSolution
		Debug|Any CPU = Debug|Any CPU
		Release|Any CPU = Release|Any CPU
	EndGlobalSection
	GlobalSection(ProjectConfigurationPlatforms) = postSolution
		{B9301C62-96B5-4F0C-8178-B0ABE8CE4BB0}.Debug|Any CPU.ActiveCfg = Debug|Any CPU
		{B9301C62-96B5-4F0C-8178-B0ABE8CE4BB0}.Debug|Any CPU.Build.0 = Debug|Any CPU
		{B9301C62-96B5-4F0C-8178-B0ABE8CE4BB0}.Release|Any CPU.ActiveCfg = Release|Any CPU
		{B9301C62-96B5-4F0C-8178-B0ABE8CE4BB0}.Release|Any CPU.Build.0 = Release|Any CPU
	EndGlobalSection
	GlobalSection(SolutionProperties) = preSolution
		HideSolutionNode = FALSE
	EndGlobalSection
	GlobalSection(ExtensibilityGlobals) = postSolution
		SolutionGuid = {27BF182A-5A4C-4C2A-9B81-E439DB6D5391}
	EndGlobalSection
EndGlobal
